
Microsoft Visual Studio Solution File, Format Version 12.00
# Visual Studio 2013
VisualStudioVersion = 12.0.31101.0
MinimumVisualStudioVersion = 10.0.40219.1
Project("{FAE04EC0-301F-11D3-BF4B-00C04F79EFBC}") = "UI.Desktop", "UI.Desktop\UI.Desktop.csproj", "{14F65D86-7D77-4BAB-8961-D0A7510F0F2D}"
EndProject
Project("{FAE04EC0-301F-11D3-BF4B-00C04F79EFBC}") = "Negocio", "Negocio\Negocio.csproj", "{7E00FC9E-248B-4C05-BEE4-2375C14162FD}"
EndProject
Project("{FAE04EC0-301F-11D3-BF4B-00C04F79EFBC}") = "Util", "Util\Util.csproj", "{C1C66274-4C71-4A3C-81FC-EFC93455F569}"
EndProject
Project("{FAE04EC0-301F-11D3-BF4B-00C04F79EFBC}") = "Entidades", "Entidades\Entidades.csproj", "{3D309BD0-2780-4DEF-A209-899A7737E039}"
EndProject
Project("{E24C65DC-7377-472B-9ABA-BC803B73C61A}") = "UI.Web", "http://localhost:1401", "{AC7D72B4-D8E6-479F-BF84-C3E1F253280C}"
	ProjectSection(WebsiteProperties) = preProject
		UseIISExpress = "true"
		TargetFrameworkMoniker = ".NETFramework,Version%3Dv4.5.2"
		Debug.AspNetCompiler.VirtualPath = "/localhost_1401"
		Debug.AspNetCompiler.PhysicalPath = "UI.Web\"
		Debug.AspNetCompiler.TargetPath = "PrecompiledWeb\localhost_1401\"
		Debug.AspNetCompiler.Updateable = "true"
		Debug.AspNetCompiler.ForceOverwrite = "true"
		Debug.AspNetCompiler.FixedNames = "false"
		Debug.AspNetCompiler.Debug = "True"
		Release.AspNetCompiler.VirtualPath = "/localhost_1401"
		Release.AspNetCompiler.PhysicalPath = "UI.Web\"
		Release.AspNetCompiler.TargetPath = "PrecompiledWeb\localhost_1401\"
		Release.AspNetCompiler.Updateable = "true"
		Release.AspNetCompiler.ForceOverwrite = "true"
		Release.AspNetCompiler.FixedNames = "false"
		Release.AspNetCompiler.Debug = "False"
		SlnRelativePath = "UI.Web\"
		DefaultWebSiteLanguage = "Visual C#"
	EndProjectSection
EndProject
Global
	GlobalSection(SolutionConfigurationPlatforms) = preSolution
		Debug|Any CPU = Debug|Any CPU
		Release|Any CPU = Release|Any CPU
	EndGlobalSection
	GlobalSection(ProjectConfigurationPlatforms) = postSolution
		{14F65D86-7D77-4BAB-8961-D0A7510F0F2D}.Debug|Any CPU.ActiveCfg = Debug|Any CPU
		{14F65D86-7D77-4BAB-8961-D0A7510F0F2D}.Debug|Any CPU.Build.0 = Debug|Any CPU
		{14F65D86-7D77-4BAB-8961-D0A7510F0F2D}.Release|Any CPU.ActiveCfg = Release|Any CPU
		{14F65D86-7D77-4BAB-8961-D0A7510F0F2D}.Release|Any CPU.Build.0 = Release|Any CPU
		{7E00FC9E-248B-4C05-BEE4-2375C14162FD}.Debug|Any CPU.ActiveCfg = Debug|Any CPU
		{7E00FC9E-248B-4C05-BEE4-2375C14162FD}.Debug|Any CPU.Build.0 = Debug|Any CPU
		{7E00FC9E-248B-4C05-BEE4-2375C14162FD}.Release|Any CPU.ActiveCfg = Release|Any CPU
		{7E00FC9E-248B-4C05-BEE4-2375C14162FD}.Release|Any CPU.Build.0 = Release|Any CPU
		{C1C66274-4C71-4A3C-81FC-EFC93455F569}.Debug|Any CPU.ActiveCfg = Debug|Any CPU
		{C1C66274-4C71-4A3C-81FC-EFC93455F569}.Debug|Any CPU.Build.0 = Debug|Any CPU
		{C1C66274-4C71-4A3C-81FC-EFC93455F569}.Release|Any CPU.ActiveCfg = Release|Any CPU
		{C1C66274-4C71-4A3C-81FC-EFC93455F569}.Release|Any CPU.Build.0 = Release|Any CPU
		{3D309BD0-2780-4DEF-A209-899A7737E039}.Debug|Any CPU.ActiveCfg = Debug|Any CPU
		{3D309BD0-2780-4DEF-A209-899A7737E039}.Debug|Any CPU.Build.0 = Debug|Any CPU
		{3D309BD0-2780-4DEF-A209-899A7737E039}.Release|Any CPU.ActiveCfg = Release|Any CPU
		{3D309BD0-2780-4DEF-A209-899A7737E039}.Release|Any CPU.Build.0 = Release|Any CPU
		{AC7D72B4-D8E6-479F-BF84-C3E1F253280C}.Debug|Any CPU.ActiveCfg = Debug|Any CPU
		{AC7D72B4-D8E6-479F-BF84-C3E1F253280C}.Debug|Any CPU.Build.0 = Debug|Any CPU
		{AC7D72B4-D8E6-479F-BF84-C3E1F253280C}.Release|Any CPU.ActiveCfg = Debug|Any CPU
		{AC7D72B4-D8E6-479F-BF84-C3E1F253280C}.Release|Any CPU.Build.0 = Debug|Any CPU
	EndGlobalSection
	GlobalSection(SolutionProperties) = preSolution
		HideSolutionNode = FALSE
	EndGlobalSection
EndGlobal
