
Microsoft Visual Studio Solution File, Format Version 12.00
# Visual Studio 14
VisualStudioVersion = 14.0.22823.1
MinimumVisualStudioVersion = 10.0.40219.1
Project("{FAE04EC0-301F-11D3-BF4B-00C04F79EFBC}") = "UI.Desktop", "UI.Desktop\UI.Desktop.csproj", "{14F65D86-7D77-4BAB-8961-D0A7510F0F2D}"
EndProject
Project("{FAE04EC0-301F-11D3-BF4B-00C04F79EFBC}") = "Business.Logic", "Business.Logic\Business.Logic.csproj", "{7E00FC9E-248B-4C05-BEE4-2375C14162FD}"
EndProject
Project("{FAE04EC0-301F-11D3-BF4B-00C04F79EFBC}") = "Util", "Util\Util.csproj", "{C1C66274-4C71-4A3C-81FC-EFC93455F569}"
EndProject
Project("{FAE04EC0-301F-11D3-BF4B-00C04F79EFBC}") = "Business.Entities", "Business.Entities\Business.Entities.csproj", "{3D309BD0-2780-4DEF-A209-899A7737E039}"
EndProject
Project("{FAE04EC0-301F-11D3-BF4B-00C04F79EFBC}") = "Data.Database", "Data.Database\Data.Database.csproj", "{18D1C50F-58E0-4D94-B05B-4A95A146E6BB}"
EndProject
Project("{FAE04EC0-301F-11D3-BF4B-00C04F79EFBC}") = "UI.Consola", "UI.Consola\UI.Consola.csproj", "{F8F79964-37BC-4718-AA84-7413884AAE28}"
EndProject
Global
	GlobalSection(SolutionConfigurationPlatforms) = preSolution
		Debug|Any CPU = Debug|Any CPU
		Release|Any CPU = Release|Any CPU
	EndGlobalSection
	GlobalSection(ProjectConfigurationPlatforms) = postSolution
		{14F65D86-7D77-4BAB-8961-D0A7510F0F2D}.Debug|Any CPU.ActiveCfg = Debug|Any CPU
		{14F65D86-7D77-4BAB-8961-D0A7510F0F2D}.Debug|Any CPU.Build.0 = Debug|Any CPU
		{14F65D86-7D77-4BAB-8961-D0A7510F0F2D}.Release|Any CPU.ActiveCfg = Release|Any CPU
		{14F65D86-7D77-4BAB-8961-D0A7510F0F2D}.Release|Any CPU.Build.0 = Release|Any CPU
		{7E00FC9E-248B-4C05-BEE4-2375C14162FD}.Debug|Any CPU.ActiveCfg = Debug|Any CPU
		{7E00FC9E-248B-4C05-BEE4-2375C14162FD}.Debug|Any CPU.Build.0 = Debug|Any CPU
		{7E00FC9E-248B-4C05-BEE4-2375C14162FD}.Release|Any CPU.ActiveCfg = Release|Any CPU
		{7E00FC9E-248B-4C05-BEE4-2375C14162FD}.Release|Any CPU.Build.0 = Release|Any CPU
		{C1C66274-4C71-4A3C-81FC-EFC93455F569}.Debug|Any CPU.ActiveCfg = Debug|Any CPU
		{C1C66274-4C71-4A3C-81FC-EFC93455F569}.Debug|Any CPU.Build.0 = Debug|Any CPU
		{C1C66274-4C71-4A3C-81FC-EFC93455F569}.Release|Any CPU.ActiveCfg = Release|Any CPU
		{C1C66274-4C71-4A3C-81FC-EFC93455F569}.Release|Any CPU.Build.0 = Release|Any CPU
		{3D309BD0-2780-4DEF-A209-899A7737E039}.Debug|Any CPU.ActiveCfg = Debug|Any CPU
		{3D309BD0-2780-4DEF-A209-899A7737E039}.Debug|Any CPU.Build.0 = Debug|Any CPU
		{3D309BD0-2780-4DEF-A209-899A7737E039}.Release|Any CPU.ActiveCfg = Release|Any CPU
		{3D309BD0-2780-4DEF-A209-899A7737E039}.Release|Any CPU.Build.0 = Release|Any CPU
		{18D1C50F-58E0-4D94-B05B-4A95A146E6BB}.Debug|Any CPU.ActiveCfg = Debug|Any CPU
		{18D1C50F-58E0-4D94-B05B-4A95A146E6BB}.Debug|Any CPU.Build.0 = Debug|Any CPU
		{18D1C50F-58E0-4D94-B05B-4A95A146E6BB}.Release|Any CPU.ActiveCfg = Release|Any CPU
		{18D1C50F-58E0-4D94-B05B-4A95A146E6BB}.Release|Any CPU.Build.0 = Release|Any CPU
		{F8F79964-37BC-4718-AA84-7413884AAE28}.Debug|Any CPU.ActiveCfg = Debug|Any CPU
		{F8F79964-37BC-4718-AA84-7413884AAE28}.Debug|Any CPU.Build.0 = Debug|Any CPU
		{F8F79964-37BC-4718-AA84-7413884AAE28}.Release|Any CPU.ActiveCfg = Release|Any CPU
		{F8F79964-37BC-4718-AA84-7413884AAE28}.Release|Any CPU.Build.0 = Release|Any CPU
	EndGlobalSection
	GlobalSection(SolutionProperties) = preSolution
		HideSolutionNode = FALSE
	EndGlobalSection
EndGlobal
